
Microsoft Visual Studio Solution File, Format Version 12.00
# Visual Studio Version 16
VisualStudioVersion = 16.0.29609.76
MinimumVisualStudioVersion = 10.0.40219.1
Project("{FAE04EC0-301F-11D3-BF4B-00C04F79EFBC}") = "data_analysis", "data_analysis.csproj", "{1F466318-8C07-4DFC-AC91-3C5CA00C02C1}"
EndProject
Global
	GlobalSection(SolutionConfigurationPlatforms) = preSolution
		Debug|Any CPU = Debug|Any CPU
		Release|Any CPU = Release|Any CPU
	EndGlobalSection
	GlobalSection(ProjectConfigurationPlatforms) = postSolution
		{1F466318-8C07-4DFC-AC91-3C5CA00C02C1}.Debug|Any CPU.ActiveCfg = Debug|Any CPU
		{1F466318-8C07-4DFC-AC91-3C5CA00C02C1}.Debug|Any CPU.Build.0 = Debug|Any CPU
		{1F466318-8C07-4DFC-AC91-3C5CA00C02C1}.Release|Any CPU.ActiveCfg = Release|Any CPU
		{1F466318-8C07-4DFC-AC91-3C5CA00C02C1}.Release|Any CPU.Build.0 = Release|Any CPU
	EndGlobalSection
	GlobalSection(SolutionProperties) = preSolution
		HideSolutionNode = FALSE
	EndGlobalSection
	GlobalSection(ExtensibilityGlobals) = postSolution
		SolutionGuid = {593F2557-E47A-4F98-8051-E9B1D6664081}
	EndGlobalSection
EndGlobal
